
Microsoft Visual Studio Solution File, Format Version 12.00
# Visual Studio 15
Project("{FAE04EC0-301F-11D3-BF4B-00C04F79EFBC}") = "Assembly-CSharp-Editor", "Assembly-CSharp-Editor.csproj", "{70EE97B4-E91A-4724-D680-63D3713DD226}"
EndProject
Project("{FAE04EC0-301F-11D3-BF4B-00C04F79EFBC}") = "Assembly-CSharp", "Assembly-CSharp.csproj", "{4AC59D18-22CE-D8D9-FA64-4AE4A9A39A57}"
EndProject
Global
	GlobalSection(SolutionConfigurationPlatforms) = preSolution
		Debug|Any CPU = Debug|Any CPU
		Release|Any CPU = Release|Any CPU
	EndGlobalSection
	GlobalSection(ProjectConfigurationPlatforms) = postSolution
		{70EE97B4-E91A-4724-D680-63D3713DD226}.Debug|Any CPU.ActiveCfg = Debug|Any CPU
		{70EE97B4-E91A-4724-D680-63D3713DD226}.Debug|Any CPU.Build.0 = Debug|Any CPU
		{70EE97B4-E91A-4724-D680-63D3713DD226}.Release|Any CPU.ActiveCfg = Release|Any CPU
		{70EE97B4-E91A-4724-D680-63D3713DD226}.Release|Any CPU.Build.0 = Release|Any CPU
		{4AC59D18-22CE-D8D9-FA64-4AE4A9A39A57}.Debug|Any CPU.ActiveCfg = Debug|Any CPU
		{4AC59D18-22CE-D8D9-FA64-4AE4A9A39A57}.Debug|Any CPU.Build.0 = Debug|Any CPU
		{4AC59D18-22CE-D8D9-FA64-4AE4A9A39A57}.Release|Any CPU.ActiveCfg = Release|Any CPU
		{4AC59D18-22CE-D8D9-FA64-4AE4A9A39A57}.Release|Any CPU.Build.0 = Release|Any CPU
	EndGlobalSection
	GlobalSection(SolutionProperties) = preSolution
		HideSolutionNode = FALSE
	EndGlobalSection
EndGlobal
